
Microsoft Visual Studio Solution File, Format Version 12.00
# Visual Studio Version 16
VisualStudioVersion = 16.0.29911.84
MinimumVisualStudioVersion = 10.0.40219.1
Project("{FAE04EC0-301F-11D3-BF4B-00C04F79EFBC}") = "TrucoVersionMaxi-UI", "TrucoVersionMaxi-UI\TrucoVersionMaxi-UI.csproj", "{BEF1AF40-3B4A-4359-B8FE-706A2938527C}"
EndProject
Project("{FAE04EC0-301F-11D3-BF4B-00C04F79EFBC}") = "LogicaTrucoVersionMaxi", "LogicaTrucoVersionMaxi\LogicaTrucoVersionMaxi.csproj", "{A68E27E6-1044-4DF1-946B-BBD686E66101}"
EndProject
Global
	GlobalSection(SolutionConfigurationPlatforms) = preSolution
		Debug|Any CPU = Debug|Any CPU
		Release|Any CPU = Release|Any CPU
	EndGlobalSection
	GlobalSection(ProjectConfigurationPlatforms) = postSolution
		{BEF1AF40-3B4A-4359-B8FE-706A2938527C}.Debug|Any CPU.ActiveCfg = Debug|Any CPU
		{BEF1AF40-3B4A-4359-B8FE-706A2938527C}.Debug|Any CPU.Build.0 = Debug|Any CPU
		{BEF1AF40-3B4A-4359-B8FE-706A2938527C}.Release|Any CPU.ActiveCfg = Release|Any CPU
		{BEF1AF40-3B4A-4359-B8FE-706A2938527C}.Release|Any CPU.Build.0 = Release|Any CPU
		{A68E27E6-1044-4DF1-946B-BBD686E66101}.Debug|Any CPU.ActiveCfg = Debug|Any CPU
		{A68E27E6-1044-4DF1-946B-BBD686E66101}.Debug|Any CPU.Build.0 = Debug|Any CPU
		{A68E27E6-1044-4DF1-946B-BBD686E66101}.Release|Any CPU.ActiveCfg = Release|Any CPU
		{A68E27E6-1044-4DF1-946B-BBD686E66101}.Release|Any CPU.Build.0 = Release|Any CPU
	EndGlobalSection
	GlobalSection(SolutionProperties) = preSolution
		HideSolutionNode = FALSE
	EndGlobalSection
	GlobalSection(ExtensibilityGlobals) = postSolution
		SolutionGuid = {27D77618-7FB3-4A92-9782-E4E6784359DE}
	EndGlobalSection
EndGlobal
